
Microsoft Visual Studio Solution File, Format Version 12.00
# Visual Studio Version 17
VisualStudioVersion = 17.10.35027.167
MinimumVisualStudioVersion = 10.0.40219.1
Project("{FAE04EC0-301F-11D3-BF4B-00C04F79EFBC}") = "RateDashboardFrontend.Server", "RateDashboardFrontend.Server\RateDashboardFrontend.Server.csproj", "{062B85AF-6F33-4A55-85D4-CB9AD0C60FE2}"
EndProject
Project("{54A90642-561A-4BB1-A94E-469ADEE60C69}") = "ratedashboardfrontend.client", "ratedashboardfrontend.client\ratedashboardfrontend.client.esproj", "{B1E734AB-1FFB-4EBC-93FB-6B5BBE93C482}"
EndProject
Global
	GlobalSection(SolutionConfigurationPlatforms) = preSolution
		Debug|Any CPU = Debug|Any CPU
		Release|Any CPU = Release|Any CPU
	EndGlobalSection
	GlobalSection(ProjectConfigurationPlatforms) = postSolution
		{062B85AF-6F33-4A55-85D4-CB9AD0C60FE2}.Debug|Any CPU.ActiveCfg = Debug|Any CPU
		{062B85AF-6F33-4A55-85D4-CB9AD0C60FE2}.Debug|Any CPU.Build.0 = Debug|Any CPU
		{062B85AF-6F33-4A55-85D4-CB9AD0C60FE2}.Release|Any CPU.ActiveCfg = Release|Any CPU
		{062B85AF-6F33-4A55-85D4-CB9AD0C60FE2}.Release|Any CPU.Build.0 = Release|Any CPU
		{B1E734AB-1FFB-4EBC-93FB-6B5BBE93C482}.Debug|Any CPU.ActiveCfg = Debug|Any CPU
		{B1E734AB-1FFB-4EBC-93FB-6B5BBE93C482}.Debug|Any CPU.Build.0 = Debug|Any CPU
		{B1E734AB-1FFB-4EBC-93FB-6B5BBE93C482}.Debug|Any CPU.Deploy.0 = Debug|Any CPU
		{B1E734AB-1FFB-4EBC-93FB-6B5BBE93C482}.Release|Any CPU.ActiveCfg = Release|Any CPU
		{B1E734AB-1FFB-4EBC-93FB-6B5BBE93C482}.Release|Any CPU.Build.0 = Release|Any CPU
		{B1E734AB-1FFB-4EBC-93FB-6B5BBE93C482}.Release|Any CPU.Deploy.0 = Release|Any CPU
	EndGlobalSection
	GlobalSection(SolutionProperties) = preSolution
		HideSolutionNode = FALSE
	EndGlobalSection
	GlobalSection(ExtensibilityGlobals) = postSolution
		SolutionGuid = {3B708AB7-6EBE-4870-8424-14A7868EECD7}
	EndGlobalSection
EndGlobal
